
Microsoft Visual Studio Solution File, Format Version 12.00
# Visual Studio 2012
Project("{FAE04EC0-301F-11D3-BF4B-00C04F79EFBC}") = "FactoryPattern", "FactoryPattern\FactoryPattern.csproj", "{317E9831-D783-4F49-8F29-11A1A45B14CC}"
EndProject
Project("{FAE04EC0-301F-11D3-BF4B-00C04F79EFBC}") = "AbstractFactoryPattern", "AbstractFactoryPattern\AbstractFactoryPattern.csproj", "{A8ED65C5-8043-4355-9ACE-4C2F898953F5}"
EndProject
Project("{FAE04EC0-301F-11D3-BF4B-00C04F79EFBC}") = "Singleton", "Singleton\Singleton.csproj", "{2E947EE3-F1C6-4FD6-925C-B8907ED609BE}"
EndProject
Project("{FAE04EC0-301F-11D3-BF4B-00C04F79EFBC}") = "Builder", "Builder\Builder.csproj", "{9BBB517C-62F6-404E-8E02-BC97264368EC}"
EndProject
Project("{FAE04EC0-301F-11D3-BF4B-00C04F79EFBC}") = "Prototype", "Prototype\Prototype.csproj", "{5F5E6E80-AC91-472D-8389-FBD2760B3235}"
EndProject
Project("{FAE04EC0-301F-11D3-BF4B-00C04F79EFBC}") = "Adapter", "Adapter\Adapter.csproj", "{C7E7086A-25D8-4766-AC4B-718CDD277707}"
EndProject
Project("{FAE04EC0-301F-11D3-BF4B-00C04F79EFBC}") = "Bridge", "Bridge\Bridge.csproj", "{AC2D57CC-39F2-40D3-9382-D3EF90710ABA}"
EndProject
Project("{FAE04EC0-301F-11D3-BF4B-00C04F79EFBC}") = "Facade", "Facade\Facade.csproj", "{592DE7F6-D19B-4D3C-8593-0BED1820099A}"
EndProject
Global
	GlobalSection(SolutionConfigurationPlatforms) = preSolution
		Debug|Any CPU = Debug|Any CPU
		Release|Any CPU = Release|Any CPU
	EndGlobalSection
	GlobalSection(ProjectConfigurationPlatforms) = postSolution
		{317E9831-D783-4F49-8F29-11A1A45B14CC}.Debug|Any CPU.ActiveCfg = Debug|Any CPU
		{317E9831-D783-4F49-8F29-11A1A45B14CC}.Debug|Any CPU.Build.0 = Debug|Any CPU
		{317E9831-D783-4F49-8F29-11A1A45B14CC}.Release|Any CPU.ActiveCfg = Release|Any CPU
		{317E9831-D783-4F49-8F29-11A1A45B14CC}.Release|Any CPU.Build.0 = Release|Any CPU
		{A8ED65C5-8043-4355-9ACE-4C2F898953F5}.Debug|Any CPU.ActiveCfg = Debug|Any CPU
		{A8ED65C5-8043-4355-9ACE-4C2F898953F5}.Debug|Any CPU.Build.0 = Debug|Any CPU
		{A8ED65C5-8043-4355-9ACE-4C2F898953F5}.Release|Any CPU.ActiveCfg = Release|Any CPU
		{A8ED65C5-8043-4355-9ACE-4C2F898953F5}.Release|Any CPU.Build.0 = Release|Any CPU
		{2E947EE3-F1C6-4FD6-925C-B8907ED609BE}.Debug|Any CPU.ActiveCfg = Debug|Any CPU
		{2E947EE3-F1C6-4FD6-925C-B8907ED609BE}.Debug|Any CPU.Build.0 = Debug|Any CPU
		{2E947EE3-F1C6-4FD6-925C-B8907ED609BE}.Release|Any CPU.ActiveCfg = Release|Any CPU
		{2E947EE3-F1C6-4FD6-925C-B8907ED609BE}.Release|Any CPU.Build.0 = Release|Any CPU
		{9BBB517C-62F6-404E-8E02-BC97264368EC}.Debug|Any CPU.ActiveCfg = Debug|Any CPU
		{9BBB517C-62F6-404E-8E02-BC97264368EC}.Debug|Any CPU.Build.0 = Debug|Any CPU
		{9BBB517C-62F6-404E-8E02-BC97264368EC}.Release|Any CPU.ActiveCfg = Release|Any CPU
		{9BBB517C-62F6-404E-8E02-BC97264368EC}.Release|Any CPU.Build.0 = Release|Any CPU
		{5F5E6E80-AC91-472D-8389-FBD2760B3235}.Debug|Any CPU.ActiveCfg = Debug|Any CPU
		{5F5E6E80-AC91-472D-8389-FBD2760B3235}.Debug|Any CPU.Build.0 = Debug|Any CPU
		{5F5E6E80-AC91-472D-8389-FBD2760B3235}.Release|Any CPU.ActiveCfg = Release|Any CPU
		{5F5E6E80-AC91-472D-8389-FBD2760B3235}.Release|Any CPU.Build.0 = Release|Any CPU
		{C7E7086A-25D8-4766-AC4B-718CDD277707}.Debug|Any CPU.ActiveCfg = Debug|Any CPU
		{C7E7086A-25D8-4766-AC4B-718CDD277707}.Debug|Any CPU.Build.0 = Debug|Any CPU
		{C7E7086A-25D8-4766-AC4B-718CDD277707}.Release|Any CPU.ActiveCfg = Release|Any CPU
		{C7E7086A-25D8-4766-AC4B-718CDD277707}.Release|Any CPU.Build.0 = Release|Any CPU
		{AC2D57CC-39F2-40D3-9382-D3EF90710ABA}.Debug|Any CPU.ActiveCfg = Debug|Any CPU
		{AC2D57CC-39F2-40D3-9382-D3EF90710ABA}.Debug|Any CPU.Build.0 = Debug|Any CPU
		{AC2D57CC-39F2-40D3-9382-D3EF90710ABA}.Release|Any CPU.ActiveCfg = Release|Any CPU
		{AC2D57CC-39F2-40D3-9382-D3EF90710ABA}.Release|Any CPU.Build.0 = Release|Any CPU
		{592DE7F6-D19B-4D3C-8593-0BED1820099A}.Debug|Any CPU.ActiveCfg = Debug|Any CPU
		{592DE7F6-D19B-4D3C-8593-0BED1820099A}.Debug|Any CPU.Build.0 = Debug|Any CPU
		{592DE7F6-D19B-4D3C-8593-0BED1820099A}.Release|Any CPU.ActiveCfg = Release|Any CPU
		{592DE7F6-D19B-4D3C-8593-0BED1820099A}.Release|Any CPU.Build.0 = Release|Any CPU
	EndGlobalSection
	GlobalSection(SolutionProperties) = preSolution
		HideSolutionNode = FALSE
	EndGlobalSection
EndGlobal
